// !$*UTF8*$!
{
	archiveVersion = 1;
	classes = {
	};
	objectVersion = 55;
	objects = {

/* Begin PBXBuildFile section */
		0E4A95D028A08FF000FA3ACC /* AppDelegate.swift in Sources */ = {isa = PBXBuildFile; fileRef = 0E4A95CF28A08FF000FA3ACC /* AppDelegate.swift */; };
		0E4A95D228A08FF000FA3ACC /* SceneDelegate.swift in Sources */ = {isa = PBXBuildFile; fileRef = 0E4A95D128A08FF000FA3ACC /* SceneDelegate.swift */; };
		0E4A95D428A08FF000FA3ACC /* ViewController.swift in Sources */ = {isa = PBXBuildFile; fileRef = 0E4A95D328A08FF000FA3ACC /* ViewController.swift */; };
		0E4A95D728A08FF000FA3ACC /* Main.storyboard in Resources */ = {isa = PBXBuildFile; fileRef = 0E4A95D528A08FF000FA3ACC /* Main.storyboard */; };
		0E4A95D928A08FF200FA3ACC /* Assets.xcassets in Resources */ = {isa = PBXBuildFile; fileRef = 0E4A95D828A08FF200FA3ACC /* Assets.xcassets */; };
		0E4A95DC28A08FF200FA3ACC /* LaunchScreen.storyboard in Resources */ = {isa = PBXBuildFile; fileRef = 0E4A95DA28A08FF200FA3ACC /* LaunchScreen.storyboard */; };
		0E4A95E528A0901E00FA3ACC /* Alamofire in Frameworks */ = {isa = PBXBuildFile; productRef = 0E4A95E428A0901E00FA3ACC /* Alamofire */; };
		0E4A95E828A0902A00FA3ACC /* Kingfisher in Frameworks */ = {isa = PBXBuildFile; productRef = 0E4A95E728A0902A00FA3ACC /* Kingfisher */; };
		0E4A95EB28A0903A00FA3ACC /* SwiftyJSON in Frameworks */ = {isa = PBXBuildFile; productRef = 0E4A95EA28A0903A00FA3ACC /* SwiftyJSON */; };
		0E4A95ED28A090D000FA3ACC /* .gitignore in Resources */ = {isa = PBXBuildFile; fileRef = 0E4A95EC28A090CF00FA3ACC /* .gitignore */; };
		0E4A95EF28A0911000FA3ACC /* APIKey.swift in Sources */ = {isa = PBXBuildFile; fileRef = 0E4A95EE28A0911000FA3ACC /* APIKey.swift */; };
		0E4A95F128A0949F00FA3ACC /* Endpoint.swift in Sources */ = {isa = PBXBuildFile; fileRef = 0E4A95F028A0949F00FA3ACC /* Endpoint.swift */; };
		0E4A95F428A0951500FA3ACC /* URL+Extension.swift in Sources */ = {isa = PBXBuildFile; fileRef = 0E4A95F328A0951500FA3ACC /* URL+Extension.swift */; };
		0E4A95F628A0A7A900FA3ACC /* KakaoAPIManager.swift in Sources */ = {isa = PBXBuildFile; fileRef = 0E4A95F528A0A7A900FA3ACC /* KakaoAPIManager.swift */; };
		0E4A95F828A0AC0F00FA3ACC /* ClosureViewController.swift in Sources */ = {isa = PBXBuildFile; fileRef = 0E4A95F728A0AC0F00FA3ACC /* ClosureViewController.swift */; };
		0EF3854728A1E031005BBA0A /* SeSACButton.swift in Sources */ = {isa = PBXBuildFile; fileRef = 0EF3854628A1E031005BBA0A /* SeSACButton.swift */; };
		0EF3854928A1E604005BBA0A /* CardView.xib in Resources */ = {isa = PBXBuildFile; fileRef = 0EF3854828A1E604005BBA0A /* CardView.xib */; };
		0EF3854B28A1E653005BBA0A /* CardView.swift in Sources */ = {isa = PBXBuildFile; fileRef = 0EF3854A28A1E652005BBA0A /* CardView.swift */; };
		0EF3854E28A1F38B005BBA0A /* CardCollectionViewCell.swift in Sources */ = {isa = PBXBuildFile; fileRef = 0EF3854C28A1F38A005BBA0A /* CardCollectionViewCell.swift */; };
		0EF3854F28A1F38B005BBA0A /* CardCollectionViewCell.xib in Resources */ = {isa = PBXBuildFile; fileRef = 0EF3854D28A1F38B005BBA0A /* CardCollectionViewCell.xib */; };
		0EF3855128A1F637005BBA0A /* MainViewController.swift in Sources */ = {isa = PBXBuildFile; fileRef = 0EF3855028A1F637005BBA0A /* MainViewController.swift */; };
		0EF3855328A1FC30005BBA0A /* MainTableViewCell.swift in Sources */ = {isa = PBXBuildFile; fileRef = 0EF3855228A1FC2F005BBA0A /* MainTableViewCell.swift */; };
/* End PBXBuildFile section */

/* Begin PBXFileReference section */
		0E4A95CC28A08FF000FA3ACC /* SeSAC2Week6.app */ = {isa = PBXFileReference; explicitFileType = wrapper.application; includeInIndex = 0; path = SeSAC2Week6.app; sourceTree = BUILT_PRODUCTS_DIR; };
		0E4A95CF28A08FF000FA3ACC /* AppDelegate.swift */ = {isa = PBXFileReference; lastKnownFileType = sourcecode.swift; path = AppDelegate.swift; sourceTree = "<group>"; };
		0E4A95D128A08FF000FA3ACC /* SceneDelegate.swift */ = {isa = PBXFileReference; lastKnownFileType = sourcecode.swift; path = SceneDelegate.swift; sourceTree = "<group>"; };
		0E4A95D328A08FF000FA3ACC /* ViewController.swift */ = {isa = PBXFileReference; lastKnownFileType = sourcecode.swift; path = ViewController.swift; sourceTree = "<group>"; };
		0E4A95D628A08FF000FA3ACC /* Base */ = {isa = PBXFileReference; lastKnownFileType = file.storyboard; name = Base; path = Base.lproj/Main.storyboard; sourceTree = "<group>"; };
		0E4A95D828A08FF200FA3ACC /* Assets.xcassets */ = {isa = PBXFileReference; lastKnownFileType = folder.assetcatalog; path = Assets.xcassets; sourceTree = "<group>"; };
		0E4A95DB28A08FF200FA3ACC /* Base */ = {isa = PBXFileReference; lastKnownFileType = file.storyboard; name = Base; path = Base.lproj/LaunchScreen.storyboard; sourceTree = "<group>"; };
		0E4A95DD28A08FF200FA3ACC /* Info.plist */ = {isa = PBXFileReference; lastKnownFileType = text.plist.xml; path = Info.plist; sourceTree = "<group>"; };
		0E4A95EC28A090CF00FA3ACC /* .gitignore */ = {isa = PBXFileReference; lastKnownFileType = text; path = .gitignore; sourceTree = "<group>"; };
		0E4A95EE28A0911000FA3ACC /* APIKey.swift */ = {isa = PBXFileReference; lastKnownFileType = sourcecode.swift; path = APIKey.swift; sourceTree = "<group>"; };
		0E4A95F028A0949F00FA3ACC /* Endpoint.swift */ = {isa = PBXFileReference; lastKnownFileType = sourcecode.swift; path = Endpoint.swift; sourceTree = "<group>"; };
		0E4A95F328A0951500FA3ACC /* URL+Extension.swift */ = {isa = PBXFileReference; lastKnownFileType = sourcecode.swift; path = "URL+Extension.swift"; sourceTree = "<group>"; };
		0E4A95F528A0A7A900FA3ACC /* KakaoAPIManager.swift */ = {isa = PBXFileReference; lastKnownFileType = sourcecode.swift; path = KakaoAPIManager.swift; sourceTree = "<group>"; };
		0E4A95F728A0AC0F00FA3ACC /* ClosureViewController.swift */ = {isa = PBXFileReference; lastKnownFileType = sourcecode.swift; path = ClosureViewController.swift; sourceTree = "<group>"; };
		0EF3854628A1E031005BBA0A /* SeSACButton.swift */ = {isa = PBXFileReference; lastKnownFileType = sourcecode.swift; path = SeSACButton.swift; sourceTree = "<group>"; };
		0EF3854828A1E604005BBA0A /* CardView.xib */ = {isa = PBXFileReference; lastKnownFileType = file.xib; path = CardView.xib; sourceTree = "<group>"; };
		0EF3854A28A1E652005BBA0A /* CardView.swift */ = {isa = PBXFileReference; lastKnownFileType = sourcecode.swift; path = CardView.swift; sourceTree = "<group>"; };
		0EF3854C28A1F38A005BBA0A /* CardCollectionViewCell.swift */ = {isa = PBXFileReference; lastKnownFileType = sourcecode.swift; path = CardCollectionViewCell.swift; sourceTree = "<group>"; };
		0EF3854D28A1F38B005BBA0A /* CardCollectionViewCell.xib */ = {isa = PBXFileReference; lastKnownFileType = file.xib; path = CardCollectionViewCell.xib; sourceTree = "<group>"; };
		0EF3855028A1F637005BBA0A /* MainViewController.swift */ = {isa = PBXFileReference; lastKnownFileType = sourcecode.swift; path = MainViewController.swift; sourceTree = "<group>"; };
		0EF3855228A1FC2F005BBA0A /* MainTableViewCell.swift */ = {isa = PBXFileReference; lastKnownFileType = sourcecode.swift; path = MainTableViewCell.swift; sourceTree = "<group>"; };
/* End PBXFileReference section */

/* Begin PBXFrameworksBuildPhase section */
		0E4A95C928A08FF000FA3ACC /* Frameworks */ = {
			isa = PBXFrameworksBuildPhase;
			buildActionMask = 2147483647;
			files = (
				0E4A95EB28A0903A00FA3ACC /* SwiftyJSON in Frameworks */,
				0E4A95E828A0902A00FA3ACC /* Kingfisher in Frameworks */,
				0E4A95E528A0901E00FA3ACC /* Alamofire in Frameworks */,
			);
			runOnlyForDeploymentPostprocessing = 0;
		};
/* End PBXFrameworksBuildPhase section */

/* Begin PBXGroup section */
		0E4A95C328A08FF000FA3ACC = {
			isa = PBXGroup;
			children = (
				0E4A95EC28A090CF00FA3ACC /* .gitignore */,
				0E4A95CE28A08FF000FA3ACC /* SeSAC2Week6 */,
				0E4A95CD28A08FF000FA3ACC /* Products */,
			);
			sourceTree = "<group>";
		};
		0E4A95CD28A08FF000FA3ACC /* Products */ = {
			isa = PBXGroup;
			children = (
				0E4A95CC28A08FF000FA3ACC /* SeSAC2Week6.app */,
			);
			name = Products;
			sourceTree = "<group>";
		};
		0E4A95CE28A08FF000FA3ACC /* SeSAC2Week6 */ = {
			isa = PBXGroup;
			children = (
				0EF3854528A1DFE7005BBA0A /* View */,
				0E4A95F228A094A500FA3ACC /* Network */,
				0E4A95CF28A08FF000FA3ACC /* AppDelegate.swift */,
				0E4A95D128A08FF000FA3ACC /* SceneDelegate.swift */,
				0E4A95D328A08FF000FA3ACC /* ViewController.swift */,
				0EF3855028A1F637005BBA0A /* MainViewController.swift */,
				0E4A95F728A0AC0F00FA3ACC /* ClosureViewController.swift */,
				0E4A95D528A08FF000FA3ACC /* Main.storyboard */,
				0E4A95D828A08FF200FA3ACC /* Assets.xcassets */,
				0E4A95DA28A08FF200FA3ACC /* LaunchScreen.storyboard */,
				0E4A95DD28A08FF200FA3ACC /* Info.plist */,
				0E4A95EE28A0911000FA3ACC /* APIKey.swift */,
			);
			path = SeSAC2Week6;
			sourceTree = "<group>";
		};
		0E4A95F228A094A500FA3ACC /* Network */ = {
			isa = PBXGroup;
			children = (
				0E4A95F028A0949F00FA3ACC /* Endpoint.swift */,
				0E4A95F328A0951500FA3ACC /* URL+Extension.swift */,
				0E4A95F528A0A7A900FA3ACC /* KakaoAPIManager.swift */,
			);
			path = Network;
			sourceTree = "<group>";
		};
		0EF3854528A1DFE7005BBA0A /* View */ = {
			isa = PBXGroup;
			children = (
				0EF3854628A1E031005BBA0A /* SeSACButton.swift */,
				0EF3854C28A1F38A005BBA0A /* CardCollectionViewCell.swift */,
				0EF3854D28A1F38B005BBA0A /* CardCollectionViewCell.xib */,
				0EF3854828A1E604005BBA0A /* CardView.xib */,
				0EF3854A28A1E652005BBA0A /* CardView.swift */,
				0EF3855228A1FC2F005BBA0A /* MainTableViewCell.swift */,
			);
			path = View;
			sourceTree = "<group>";
		};
/* End PBXGroup section */

/* Begin PBXNativeTarget section */
		0E4A95CB28A08FF000FA3ACC /* SeSAC2Week6 */ = {
			isa = PBXNativeTarget;
			buildConfigurationList = 0E4A95E028A08FF200FA3ACC /* Build configuration list for PBXNativeTarget "SeSAC2Week6" */;
			buildPhases = (
				0E4A95C828A08FF000FA3ACC /* Sources */,
				0E4A95C928A08FF000FA3ACC /* Frameworks */,
				0E4A95CA28A08FF000FA3ACC /* Resources */,
			);
			buildRules = (
			);
			dependencies = (
			);
			name = SeSAC2Week6;
			packageProductDependencies = (
				0E4A95E428A0901E00FA3ACC /* Alamofire */,
				0E4A95E728A0902A00FA3ACC /* Kingfisher */,
				0E4A95EA28A0903A00FA3ACC /* SwiftyJSON */,
			);
			productName = SeSAC2Week6;
			productReference = 0E4A95CC28A08FF000FA3ACC /* SeSAC2Week6.app */;
			productType = "com.apple.product-type.application";
		};
/* End PBXNativeTarget section */

/* Begin PBXProject section */
		0E4A95C428A08FF000FA3ACC /* Project object */ = {
			isa = PBXProject;
			attributes = {
				BuildIndependentTargetsInParallel = 1;
				LastSwiftUpdateCheck = 1340;
				LastUpgradeCheck = 1340;
				TargetAttributes = {
					0E4A95CB28A08FF000FA3ACC = {
						CreatedOnToolsVersion = 13.4.1;
					};
				};
			};
			buildConfigurationList = 0E4A95C728A08FF000FA3ACC /* Build configuration list for PBXProject "SeSAC2Week6" */;
			compatibilityVersion = "Xcode 13.0";
			developmentRegion = en;
			hasScannedForEncodings = 0;
			knownRegions = (
				en,
				Base,
			);
			mainGroup = 0E4A95C328A08FF000FA3ACC;
			packageReferences = (
				0E4A95E328A0901E00FA3ACC /* XCRemoteSwiftPackageReference "Alamofire" */,
				0E4A95E628A0902A00FA3ACC /* XCRemoteSwiftPackageReference "Kingfisher" */,
				0E4A95E928A0903A00FA3ACC /* XCRemoteSwiftPackageReference "SwiftyJSON" */,
			);
			productRefGroup = 0E4A95CD28A08FF000FA3ACC /* Products */;
			projectDirPath = "";
			projectRoot = "";
			targets = (
				0E4A95CB28A08FF000FA3ACC /* SeSAC2Week6 */,
			);
		};
/* End PBXProject section */

/* Begin PBXResourcesBuildPhase section */
		0E4A95CA28A08FF000FA3ACC /* Resources */ = {
			isa = PBXResourcesBuildPhase;
			buildActionMask = 2147483647;
			files = (
				0E4A95ED28A090D000FA3ACC /* .gitignore in Resources */,
				0E4A95DC28A08FF200FA3ACC /* LaunchScreen.storyboard in Resources */,
				0EF3854928A1E604005BBA0A /* CardView.xib in Resources */,
				0E4A95D928A08FF200FA3ACC /* Assets.xcassets in Resources */,
				0EF3854F28A1F38B005BBA0A /* CardCollectionViewCell.xib in Resources */,
				0E4A95D728A08FF000FA3ACC /* Main.storyboard in Resources */,
			);
			runOnlyForDeploymentPostprocessing = 0;
		};
/* End PBXResourcesBuildPhase section */

/* Begin PBXSourcesBuildPhase section */
		0E4A95C828A08FF000FA3ACC /* Sources */ = {
			isa = PBXSourcesBuildPhase;
			buildActionMask = 2147483647;
			files = (
				0EF3855328A1FC30005BBA0A /* MainTableViewCell.swift in Sources */,
				0E4A95D428A08FF000FA3ACC /* ViewController.swift in Sources */,
				0E4A95D028A08FF000FA3ACC /* AppDelegate.swift in Sources */,
				0E4A95F828A0AC0F00FA3ACC /* ClosureViewController.swift in Sources */,
				0EF3855128A1F637005BBA0A /* MainViewController.swift in Sources */,
				0EF3854E28A1F38B005BBA0A /* CardCollectionViewCell.swift in Sources */,
				0E4A95EF28A0911000FA3ACC /* APIKey.swift in Sources */,
				0EF3854B28A1E653005BBA0A /* CardView.swift in Sources */,
				0E4A95D228A08FF000FA3ACC /* SceneDelegate.swift in Sources */,
				0EF3854728A1E031005BBA0A /* SeSACButton.swift in Sources */,
				0E4A95F628A0A7A900FA3ACC /* KakaoAPIManager.swift in Sources */,
				0E4A95F128A0949F00FA3ACC /* Endpoint.swift in Sources */,
				0E4A95F428A0951500FA3ACC /* URL+Extension.swift in Sources */,
			);
			runOnlyForDeploymentPostprocessing = 0;
		};
/* End PBXSourcesBuildPhase section */

/* Begin PBXVariantGroup section */
		0E4A95D528A08FF000FA3ACC /* Main.storyboard */ = {
			isa = PBXVariantGroup;
			children = (
				0E4A95D628A08FF000FA3ACC /* Base */,
			);
			name = Main.storyboard;
			sourceTree = "<group>";
		};
		0E4A95DA28A08FF200FA3ACC /* LaunchScreen.storyboard */ = {
			isa = PBXVariantGroup;
			children = (
				0E4A95DB28A08FF200FA3ACC /* Base */,
			);
			name = LaunchScreen.storyboard;
			sourceTree = "<group>";
		};
/* End PBXVariantGroup section */

/* Begin XCBuildConfiguration section */
		0E4A95DE28A08FF200FA3ACC /* Debug */ = {
			isa = XCBuildConfiguration;
			buildSettings = {
				ALWAYS_SEARCH_USER_PATHS = NO;
				CLANG_ANALYZER_NONNULL = YES;
				CLANG_ANALYZER_NUMBER_OBJECT_CONVERSION = YES_AGGRESSIVE;
				CLANG_CXX_LANGUAGE_STANDARD = "gnu++17";
				CLANG_ENABLE_MODULES = YES;
				CLANG_ENABLE_OBJC_ARC = YES;
				CLANG_ENABLE_OBJC_WEAK = YES;
				CLANG_WARN_BLOCK_CAPTURE_AUTORELEASING = YES;
				CLANG_WARN_BOOL_CONVERSION = YES;
				CLANG_WARN_COMMA = YES;
				CLANG_WARN_CONSTANT_CONVERSION = YES;
				CLANG_WARN_DEPRECATED_OBJC_IMPLEMENTATIONS = YES;
				CLANG_WARN_DIRECT_OBJC_ISA_USAGE = YES_ERROR;
				CLANG_WARN_DOCUMENTATION_COMMENTS = YES;
				CLANG_WARN_EMPTY_BODY = YES;
				CLANG_WARN_ENUM_CONVERSION = YES;
				CLANG_WARN_INFINITE_RECURSION = YES;
				CLANG_WARN_INT_CONVERSION = YES;
				CLANG_WARN_NON_LITERAL_NULL_CONVERSION = YES;
				CLANG_WARN_OBJC_IMPLICIT_RETAIN_SELF = YES;
				CLANG_WARN_OBJC_LITERAL_CONVERSION = YES;
				CLANG_WARN_OBJC_ROOT_CLASS = YES_ERROR;
				CLANG_WARN_QUOTED_INCLUDE_IN_FRAMEWORK_HEADER = YES;
				CLANG_WARN_RANGE_LOOP_ANALYSIS = YES;
				CLANG_WARN_STRICT_PROTOTYPES = YES;
				CLANG_WARN_SUSPICIOUS_MOVE = YES;
				CLANG_WARN_UNGUARDED_AVAILABILITY = YES_AGGRESSIVE;
				CLANG_WARN_UNREACHABLE_CODE = YES;
				CLANG_WARN__DUPLICATE_METHOD_MATCH = YES;
				COPY_PHASE_STRIP = NO;
				DEBUG_INFORMATION_FORMAT = dwarf;
				ENABLE_STRICT_OBJC_MSGSEND = YES;
				ENABLE_TESTABILITY = YES;
				GCC_C_LANGUAGE_STANDARD = gnu11;
				GCC_DYNAMIC_NO_PIC = NO;
				GCC_NO_COMMON_BLOCKS = YES;
				GCC_OPTIMIZATION_LEVEL = 0;
				GCC_PREPROCESSOR_DEFINITIONS = (
					"DEBUG=1",
					"$(inherited)",
				);
				GCC_WARN_64_TO_32_BIT_CONVERSION = YES;
				GCC_WARN_ABOUT_RETURN_TYPE = YES_ERROR;
				GCC_WARN_UNDECLARED_SELECTOR = YES;
				GCC_WARN_UNINITIALIZED_AUTOS = YES_AGGRESSIVE;
				GCC_WARN_UNUSED_FUNCTION = YES;
				GCC_WARN_UNUSED_VARIABLE = YES;
				IPHONEOS_DEPLOYMENT_TARGET = 15.5;
				MTL_ENABLE_DEBUG_INFO = INCLUDE_SOURCE;
				MTL_FAST_MATH = YES;
				ONLY_ACTIVE_ARCH = YES;
				SDKROOT = iphoneos;
				SWIFT_ACTIVE_COMPILATION_CONDITIONS = DEBUG;
				SWIFT_OPTIMIZATION_LEVEL = "-Onone";
			};
			name = Debug;
		};
		0E4A95DF28A08FF200FA3ACC /* Release */ = {
			isa = XCBuildConfiguration;
			buildSettings = {
				ALWAYS_SEARCH_USER_PATHS = NO;
				CLANG_ANALYZER_NONNULL = YES;
				CLANG_ANALYZER_NUMBER_OBJECT_CONVERSION = YES_AGGRESSIVE;
				CLANG_CXX_LANGUAGE_STANDARD = "gnu++17";
				CLANG_ENABLE_MODULES = YES;
				CLANG_ENABLE_OBJC_ARC = YES;
				CLANG_ENABLE_OBJC_WEAK = YES;
				CLANG_WARN_BLOCK_CAPTURE_AUTORELEASING = YES;
				CLANG_WARN_BOOL_CONVERSION = YES;
				CLANG_WARN_COMMA = YES;
				CLANG_WARN_CONSTANT_CONVERSION = YES;
				CLANG_WARN_DEPRECATED_OBJC_IMPLEMENTATIONS = YES;
				CLANG_WARN_DIRECT_OBJC_ISA_USAGE = YES_ERROR;
				CLANG_WARN_DOCUMENTATION_COMMENTS = YES;
				CLANG_WARN_EMPTY_BODY = YES;
				CLANG_WARN_ENUM_CONVERSION = YES;
				CLANG_WARN_INFINITE_RECURSION = YES;
				CLANG_WARN_INT_CONVERSION = YES;
				CLANG_WARN_NON_LITERAL_NULL_CONVERSION = YES;
				CLANG_WARN_OBJC_IMPLICIT_RETAIN_SELF = YES;
				CLANG_WARN_OBJC_LITERAL_CONVERSION = YES;
				CLANG_WARN_OBJC_ROOT_CLASS = YES_ERROR;
				CLANG_WARN_QUOTED_INCLUDE_IN_FRAMEWORK_HEADER = YES;
				CLANG_WARN_RANGE_LOOP_ANALYSIS = YES;
				CLANG_WARN_STRICT_PROTOTYPES = YES;
				CLANG_WARN_SUSPICIOUS_MOVE = YES;
				CLANG_WARN_UNGUARDED_AVAILABILITY = YES_AGGRESSIVE;
				CLANG_WARN_UNREACHABLE_CODE = YES;
				CLANG_WARN__DUPLICATE_METHOD_MATCH = YES;
				COPY_PHASE_STRIP = NO;
				DEBUG_INFORMATION_FORMAT = "dwarf-with-dsym";
				ENABLE_NS_ASSERTIONS = NO;
				ENABLE_STRICT_OBJC_MSGSEND = YES;
				GCC_C_LANGUAGE_STANDARD = gnu11;
				GCC_NO_COMMON_BLOCKS = YES;
				GCC_WARN_64_TO_32_BIT_CONVERSION = YES;
				GCC_WARN_ABOUT_RETURN_TYPE = YES_ERROR;
				GCC_WARN_UNDECLARED_SELECTOR = YES;
				GCC_WARN_UNINITIALIZED_AUTOS = YES_AGGRESSIVE;
				GCC_WARN_UNUSED_FUNCTION = YES;
				GCC_WARN_UNUSED_VARIABLE = YES;
				IPHONEOS_DEPLOYMENT_TARGET = 15.5;
				MTL_ENABLE_DEBUG_INFO = NO;
				MTL_FAST_MATH = YES;
				SDKROOT = iphoneos;
				SWIFT_COMPILATION_MODE = wholemodule;
				SWIFT_OPTIMIZATION_LEVEL = "-O";
				VALIDATE_PRODUCT = YES;
			};
			name = Release;
		};
		0E4A95E128A08FF200FA3ACC /* Debug */ = {
			isa = XCBuildConfiguration;
			buildSettings = {
				ASSETCATALOG_COMPILER_APPICON_NAME = AppIcon;
				ASSETCATALOG_COMPILER_GLOBAL_ACCENT_COLOR_NAME = AccentColor;
				CODE_SIGN_STYLE = Automatic;
				CURRENT_PROJECT_VERSION = 1;
				DEVELOPMENT_TEAM = U8U4L6FXAF;
				GENERATE_INFOPLIST_FILE = YES;
				INFOPLIST_FILE = SeSAC2Week6/Info.plist;
				INFOPLIST_KEY_UIApplicationSupportsIndirectInputEvents = YES;
				INFOPLIST_KEY_UILaunchStoryboardName = LaunchScreen;
				INFOPLIST_KEY_UIMainStoryboardFile = Main;
				INFOPLIST_KEY_UISupportedInterfaceOrientations_iPad = "UIInterfaceOrientationPortrait UIInterfaceOrientationPortraitUpsideDown UIInterfaceOrientationLandscapeLeft UIInterfaceOrientationLandscapeRight";
				INFOPLIST_KEY_UISupportedInterfaceOrientations_iPhone = "UIInterfaceOrientationPortrait UIInterfaceOrientationLandscapeLeft UIInterfaceOrientationLandscapeRight";
				IPHONEOS_DEPLOYMENT_TARGET = 14.0;
				LD_RUNPATH_SEARCH_PATHS = (
					"$(inherited)",
					"@executable_path/Frameworks",
				);
				MARKETING_VERSION = 1.0;
				PRODUCT_BUNDLE_IDENTIFIER = net.monica.SeSAC2Week6;
				PRODUCT_NAME = "$(TARGET_NAME)";
				SWIFT_EMIT_LOC_STRINGS = YES;
				SWIFT_VERSION = 5.0;
				TARGETED_DEVICE_FAMILY = 1;
			};
			name = Debug;
		};
		0E4A95E228A08FF200FA3ACC /* Release */ = {
			isa = XCBuildConfiguration;
			buildSettings = {
				ASSETCATALOG_COMPILER_APPICON_NAME = AppIcon;
				ASSETCATALOG_COMPILER_GLOBAL_ACCENT_COLOR_NAME = AccentColor;
				CODE_SIGN_STYLE = Automatic;
				CURRENT_PROJECT_VERSION = 1;
				DEVELOPMENT_TEAM = U8U4L6FXAF;
				GENERATE_INFOPLIST_FILE = YES;
				INFOPLIST_FILE = SeSAC2Week6/Info.plist;
				INFOPLIST_KEY_UIApplicationSupportsIndirectInputEvents = YES;
				INFOPLIST_KEY_UILaunchStoryboardName = LaunchScreen;
				INFOPLIST_KEY_UIMainStoryboardFile = Main;
				INFOPLIST_KEY_UISupportedInterfaceOrientations_iPad = "UIInterfaceOrientationPortrait UIInterfaceOrientationPortraitUpsideDown UIInterfaceOrientationLandscapeLeft UIInterfaceOrientationLandscapeRight";
				INFOPLIST_KEY_UISupportedInterfaceOrientations_iPhone = "UIInterfaceOrientationPortrait UIInterfaceOrientationLandscapeLeft UIInterfaceOrientationLandscapeRight";
				IPHONEOS_DEPLOYMENT_TARGET = 14.0;
				LD_RUNPATH_SEARCH_PATHS = (
					"$(inherited)",
					"@executable_path/Frameworks",
				);
				MARKETING_VERSION = 1.0;
				PRODUCT_BUNDLE_IDENTIFIER = net.monica.SeSAC2Week6;
				PRODUCT_NAME = "$(TARGET_NAME)";
				SWIFT_EMIT_LOC_STRINGS = YES;
				SWIFT_VERSION = 5.0;
				TARGETED_DEVICE_FAMILY = 1;
			};
			name = Release;
		};
/* End XCBuildConfiguration section */

/* Begin XCConfigurationList section */
		0E4A95C728A08FF000FA3ACC /* Build configuration list for PBXProject "SeSAC2Week6" */ = {
			isa = XCConfigurationList;
			buildConfigurations = (
				0E4A95DE28A08FF200FA3ACC /* Debug */,
				0E4A95DF28A08FF200FA3ACC /* Release */,
			);
			defaultConfigurationIsVisible = 0;
			defaultConfigurationName = Release;
		};
		0E4A95E028A08FF200FA3ACC /* Build configuration list for PBXNativeTarget "SeSAC2Week6" */ = {
			isa = XCConfigurationList;
			buildConfigurations = (
				0E4A95E128A08FF200FA3ACC /* Debug */,
				0E4A95E228A08FF200FA3ACC /* Release */,
			);
			defaultConfigurationIsVisible = 0;
			defaultConfigurationName = Release;
		};
/* End XCConfigurationList section */

/* Begin XCRemoteSwiftPackageReference section */
		0E4A95E328A0901E00FA3ACC /* XCRemoteSwiftPackageReference "Alamofire" */ = {
			isa = XCRemoteSwiftPackageReference;
			repositoryURL = "https://github.com/Alamofire/Alamofire.git";
			requirement = {
				kind = upToNextMajorVersion;
				minimumVersion = 5.0.0;
			};
		};
		0E4A95E628A0902A00FA3ACC /* XCRemoteSwiftPackageReference "Kingfisher" */ = {
			isa = XCRemoteSwiftPackageReference;
			repositoryURL = "https://github.com/onevcat/Kingfisher.git";
			requirement = {
				kind = upToNextMajorVersion;
				minimumVersion = 7.0.0;
			};
		};
		0E4A95E928A0903A00FA3ACC /* XCRemoteSwiftPackageReference "SwiftyJSON" */ = {
			isa = XCRemoteSwiftPackageReference;
			repositoryURL = "https://github.com/SwiftyJSON/SwiftyJSON.git";
			requirement = {
				kind = upToNextMajorVersion;
				minimumVersion = 5.0.0;
			};
		};
/* End XCRemoteSwiftPackageReference section */

/* Begin XCSwiftPackageProductDependency section */
		0E4A95E428A0901E00FA3ACC /* Alamofire */ = {
			isa = XCSwiftPackageProductDependency;
			package = 0E4A95E328A0901E00FA3ACC /* XCRemoteSwiftPackageReference "Alamofire" */;
			productName = Alamofire;
		};
		0E4A95E728A0902A00FA3ACC /* Kingfisher */ = {
			isa = XCSwiftPackageProductDependency;
			package = 0E4A95E628A0902A00FA3ACC /* XCRemoteSwiftPackageReference "Kingfisher" */;
			productName = Kingfisher;
		};
		0E4A95EA28A0903A00FA3ACC /* SwiftyJSON */ = {
			isa = XCSwiftPackageProductDependency;
			package = 0E4A95E928A0903A00FA3ACC /* XCRemoteSwiftPackageReference "SwiftyJSON" */;
			productName = SwiftyJSON;
		};
/* End XCSwiftPackageProductDependency section */
	};
	rootObject = 0E4A95C428A08FF000FA3ACC /* Project object */;
}
